
Microsoft Visual Studio Solution File, Format Version 12.00
# Visual Studio Version 16
VisualStudioVersion = 16.0.32228.343
MinimumVisualStudioVersion = 10.0.40219.1
Project("{9A19103F-16F7-4668-BE54-9A1E7A4F7556}") = "LinqLookUp", "LinqLookUp\LinqLookUp.csproj", "{01E7A08A-6DC2-4E7B-B603-3476726CBEFE}"
EndProject
Project("{9A19103F-16F7-4668-BE54-9A1E7A4F7556}") = "ConsoleUI", "ConsoleUI\ConsoleUI.csproj", "{0843A83C-A725-421A-901D-49455246E3B7}"
EndProject
Project("{9A19103F-16F7-4668-BE54-9A1E7A4F7556}") = "DictionaryComplex", "DictionaryComplex\DictionaryComplex.csproj", "{712480F5-3EC1-46A6-B319-69603A7B8C5C}"
EndProject
Project("{9A19103F-16F7-4668-BE54-9A1E7A4F7556}") = "DictionarySuperComplex", "DictionarySuperComplex\DictionarySuperComplex.csproj", "{42DD3FE7-9083-4B6C-BFD9-F1BACE96E701}"
EndProject
Project("{9A19103F-16F7-4668-BE54-9A1E7A4F7556}") = "Exadel", "Exadel\Exadel.csproj", "{2D7479C0-EDC8-4EE4-8215-993BD7B28992}"
EndProject
Project("{9A19103F-16F7-4668-BE54-9A1E7A4F7556}") = "FindObjectsByIdFromCollection", "FindObjectsByIdFromCollection\FindObjectsByIdFromCollection.csproj", "{C44EB323-E9B7-4846-90D5-1F50195231CD}"
EndProject
Project("{9A19103F-16F7-4668-BE54-9A1E7A4F7556}") = "JoinListsIntoNewModel", "JoinListsIntoNewModel\JoinListsIntoNewModel.csproj", "{F4047AB1-AC74-4FC1-8922-610792C3AD59}"
EndProject
Project("{9A19103F-16F7-4668-BE54-9A1E7A4F7556}") = "KeysAny", "KeysAny\KeysAny.csproj", "{2668FB50-BE31-4E48-85A3-AF7BEA5BFCA0}"
EndProject
Project("{9A19103F-16F7-4668-BE54-9A1E7A4F7556}") = "Linq7Impovements", "Linq7Impovements\Linq7Impovements.csproj", "{4E25086B-6557-4E46-9C19-867C06E05897}"
EndProject
Project("{9A19103F-16F7-4668-BE54-9A1E7A4F7556}") = "LinqItransition", "LinqItransition\LinqItransition.csproj", "{EAA31398-5FD2-4E9E-A6F8-00A51973C6F4}"
EndProject
Project("{9A19103F-16F7-4668-BE54-9A1E7A4F7556}") = "Linqkit", "Linqkit\Linqkit.csproj", "{F2D02B51-C889-416F-8405-18E12D9E184D}"
EndProject
Project("{9A19103F-16F7-4668-BE54-9A1E7A4F7556}") = "LinqLibrary", "LinqLibrary\LinqLibrary.csproj", "{DCBED2EB-BA2B-409B-B101-E9DCA4535AA7}"
EndProject
Project("{9A19103F-16F7-4668-BE54-9A1E7A4F7556}") = "LinqTranslations", "LinqTranslations\LinqTranslations.csproj", "{F97233B7-63F2-49F2-A43B-57A5D76C96B0}"
EndProject
Project("{9A19103F-16F7-4668-BE54-9A1E7A4F7556}") = "LinqUsageWithSence", "LinqUsageWithSence\LinqUsageWithSence.csproj", "{F151433D-E426-41C5-A5A3-7C468BD63AB8}"
EndProject
Project("{2150E333-8FDC-42A3-9474-1A3956D46DE8}") = "Solution Items", "Solution Items", "{F964E8D4-1AEB-4542-8F34-68CB3ED802ED}"
	ProjectSection(SolutionItems) = preProject
		ThinkingInLinq\ThinkingInLinq.csproj = ThinkingInLinq\ThinkingInLinq.csproj
	EndProjectSection
EndProject
Project("{FAE04EC0-301F-11D3-BF4B-00C04F79EFBC}") = "ComparingCollectionAnyAll", "ComparingCollectionAnyAll\ComparingCollectionAnyAll.csproj", "{5839D745-40C3-4E96-A847-EA70663504D3}"
EndProject
Global
	GlobalSection(SolutionConfigurationPlatforms) = preSolution
		Debug|Any CPU = Debug|Any CPU
		Release|Any CPU = Release|Any CPU
	EndGlobalSection
	GlobalSection(ProjectConfigurationPlatforms) = postSolution
		{01E7A08A-6DC2-4E7B-B603-3476726CBEFE}.Debug|Any CPU.ActiveCfg = Debug|Any CPU
		{01E7A08A-6DC2-4E7B-B603-3476726CBEFE}.Debug|Any CPU.Build.0 = Debug|Any CPU
		{01E7A08A-6DC2-4E7B-B603-3476726CBEFE}.Release|Any CPU.ActiveCfg = Release|Any CPU
		{01E7A08A-6DC2-4E7B-B603-3476726CBEFE}.Release|Any CPU.Build.0 = Release|Any CPU
		{0843A83C-A725-421A-901D-49455246E3B7}.Debug|Any CPU.ActiveCfg = Debug|Any CPU
		{0843A83C-A725-421A-901D-49455246E3B7}.Debug|Any CPU.Build.0 = Debug|Any CPU
		{0843A83C-A725-421A-901D-49455246E3B7}.Release|Any CPU.ActiveCfg = Release|Any CPU
		{0843A83C-A725-421A-901D-49455246E3B7}.Release|Any CPU.Build.0 = Release|Any CPU
		{712480F5-3EC1-46A6-B319-69603A7B8C5C}.Debug|Any CPU.ActiveCfg = Debug|Any CPU
		{712480F5-3EC1-46A6-B319-69603A7B8C5C}.Debug|Any CPU.Build.0 = Debug|Any CPU
		{712480F5-3EC1-46A6-B319-69603A7B8C5C}.Release|Any CPU.ActiveCfg = Release|Any CPU
		{712480F5-3EC1-46A6-B319-69603A7B8C5C}.Release|Any CPU.Build.0 = Release|Any CPU
		{42DD3FE7-9083-4B6C-BFD9-F1BACE96E701}.Debug|Any CPU.ActiveCfg = Debug|Any CPU
		{42DD3FE7-9083-4B6C-BFD9-F1BACE96E701}.Debug|Any CPU.Build.0 = Debug|Any CPU
		{42DD3FE7-9083-4B6C-BFD9-F1BACE96E701}.Release|Any CPU.ActiveCfg = Release|Any CPU
		{42DD3FE7-9083-4B6C-BFD9-F1BACE96E701}.Release|Any CPU.Build.0 = Release|Any CPU
		{2D7479C0-EDC8-4EE4-8215-993BD7B28992}.Debug|Any CPU.ActiveCfg = Debug|Any CPU
		{2D7479C0-EDC8-4EE4-8215-993BD7B28992}.Debug|Any CPU.Build.0 = Debug|Any CPU
		{2D7479C0-EDC8-4EE4-8215-993BD7B28992}.Release|Any CPU.ActiveCfg = Release|Any CPU
		{2D7479C0-EDC8-4EE4-8215-993BD7B28992}.Release|Any CPU.Build.0 = Release|Any CPU
		{C44EB323-E9B7-4846-90D5-1F50195231CD}.Debug|Any CPU.ActiveCfg = Debug|Any CPU
		{C44EB323-E9B7-4846-90D5-1F50195231CD}.Debug|Any CPU.Build.0 = Debug|Any CPU
		{C44EB323-E9B7-4846-90D5-1F50195231CD}.Release|Any CPU.ActiveCfg = Release|Any CPU
		{C44EB323-E9B7-4846-90D5-1F50195231CD}.Release|Any CPU.Build.0 = Release|Any CPU
		{F4047AB1-AC74-4FC1-8922-610792C3AD59}.Debug|Any CPU.ActiveCfg = Debug|Any CPU
		{F4047AB1-AC74-4FC1-8922-610792C3AD59}.Debug|Any CPU.Build.0 = Debug|Any CPU
		{F4047AB1-AC74-4FC1-8922-610792C3AD59}.Release|Any CPU.ActiveCfg = Release|Any CPU
		{F4047AB1-AC74-4FC1-8922-610792C3AD59}.Release|Any CPU.Build.0 = Release|Any CPU
		{2668FB50-BE31-4E48-85A3-AF7BEA5BFCA0}.Debug|Any CPU.ActiveCfg = Debug|Any CPU
		{2668FB50-BE31-4E48-85A3-AF7BEA5BFCA0}.Debug|Any CPU.Build.0 = Debug|Any CPU
		{2668FB50-BE31-4E48-85A3-AF7BEA5BFCA0}.Release|Any CPU.ActiveCfg = Release|Any CPU
		{2668FB50-BE31-4E48-85A3-AF7BEA5BFCA0}.Release|Any CPU.Build.0 = Release|Any CPU
		{4E25086B-6557-4E46-9C19-867C06E05897}.Debug|Any CPU.ActiveCfg = Debug|Any CPU
		{4E25086B-6557-4E46-9C19-867C06E05897}.Debug|Any CPU.Build.0 = Debug|Any CPU
		{4E25086B-6557-4E46-9C19-867C06E05897}.Release|Any CPU.ActiveCfg = Release|Any CPU
		{4E25086B-6557-4E46-9C19-867C06E05897}.Release|Any CPU.Build.0 = Release|Any CPU
		{EAA31398-5FD2-4E9E-A6F8-00A51973C6F4}.Debug|Any CPU.ActiveCfg = Debug|Any CPU
		{EAA31398-5FD2-4E9E-A6F8-00A51973C6F4}.Debug|Any CPU.Build.0 = Debug|Any CPU
		{EAA31398-5FD2-4E9E-A6F8-00A51973C6F4}.Release|Any CPU.ActiveCfg = Release|Any CPU
		{EAA31398-5FD2-4E9E-A6F8-00A51973C6F4}.Release|Any CPU.Build.0 = Release|Any CPU
		{F2D02B51-C889-416F-8405-18E12D9E184D}.Debug|Any CPU.ActiveCfg = Debug|Any CPU
		{F2D02B51-C889-416F-8405-18E12D9E184D}.Debug|Any CPU.Build.0 = Debug|Any CPU
		{F2D02B51-C889-416F-8405-18E12D9E184D}.Release|Any CPU.ActiveCfg = Release|Any CPU
		{F2D02B51-C889-416F-8405-18E12D9E184D}.Release|Any CPU.Build.0 = Release|Any CPU
		{DCBED2EB-BA2B-409B-B101-E9DCA4535AA7}.Debug|Any CPU.ActiveCfg = Debug|Any CPU
		{DCBED2EB-BA2B-409B-B101-E9DCA4535AA7}.Debug|Any CPU.Build.0 = Debug|Any CPU
		{DCBED2EB-BA2B-409B-B101-E9DCA4535AA7}.Release|Any CPU.ActiveCfg = Release|Any CPU
		{DCBED2EB-BA2B-409B-B101-E9DCA4535AA7}.Release|Any CPU.Build.0 = Release|Any CPU
		{F97233B7-63F2-49F2-A43B-57A5D76C96B0}.Debug|Any CPU.ActiveCfg = Debug|Any CPU
		{F97233B7-63F2-49F2-A43B-57A5D76C96B0}.Debug|Any CPU.Build.0 = Debug|Any CPU
		{F97233B7-63F2-49F2-A43B-57A5D76C96B0}.Release|Any CPU.ActiveCfg = Release|Any CPU
		{F97233B7-63F2-49F2-A43B-57A5D76C96B0}.Release|Any CPU.Build.0 = Release|Any CPU
		{F151433D-E426-41C5-A5A3-7C468BD63AB8}.Debug|Any CPU.ActiveCfg = Debug|Any CPU
		{F151433D-E426-41C5-A5A3-7C468BD63AB8}.Debug|Any CPU.Build.0 = Debug|Any CPU
		{F151433D-E426-41C5-A5A3-7C468BD63AB8}.Release|Any CPU.ActiveCfg = Release|Any CPU
		{F151433D-E426-41C5-A5A3-7C468BD63AB8}.Release|Any CPU.Build.0 = Release|Any CPU
		{5839D745-40C3-4E96-A847-EA70663504D3}.Debug|Any CPU.ActiveCfg = Debug|Any CPU
		{5839D745-40C3-4E96-A847-EA70663504D3}.Debug|Any CPU.Build.0 = Debug|Any CPU
		{5839D745-40C3-4E96-A847-EA70663504D3}.Release|Any CPU.ActiveCfg = Release|Any CPU
		{5839D745-40C3-4E96-A847-EA70663504D3}.Release|Any CPU.Build.0 = Release|Any CPU
	EndGlobalSection
	GlobalSection(SolutionProperties) = preSolution
		HideSolutionNode = FALSE
	EndGlobalSection
	GlobalSection(ExtensibilityGlobals) = postSolution
		SolutionGuid = {B280372F-E0AD-4CE1-BC07-338E468E788B}
	EndGlobalSection
EndGlobal
